
Microsoft Visual Studio Solution File, Format Version 12.00
# Visual Studio 14
VisualStudioVersion = 14.0.24720.0
MinimumVisualStudioVersion = 10.0.40219.1
Project("{FAE04EC0-301F-11D3-BF4B-00C04F79EFBC}") = "JaggedArrayBubble", "JaggedArrayBubble\JaggedArrayBubble.csproj", "{FD7835F6-2727-490B-A64A-5A6A9C84E2A4}"
EndProject
Project("{FAE04EC0-301F-11D3-BF4B-00C04F79EFBC}") = "JaggedArrayBubble.Tests", "JaggedArrayBubble.Tests\JaggedArrayBubble.Tests.csproj", "{D1A2C6B4-DAB0-4DBF-86BF-A9CC0A690EAE}"
EndProject
Project("{2150E333-8FDC-42A3-9474-1A3956D46DE8}") = "Book", "Book", "{0195042E-0145-4055-9E4B-1CE7618AA00F}"
EndProject
Project("{FAE04EC0-301F-11D3-BF4B-00C04F79EFBC}") = "Figures", "Figures\Figures.csproj", "{9427039E-4E4B-4C35-AD7B-EB477C888ED8}"
EndProject
Project("{FAE04EC0-301F-11D3-BF4B-00C04F79EFBC}") = "BookLogicLayer", "BookLogicLayer\BookLogicLayer.csproj", "{37D2EC84-3D86-4F99-A67F-6266ABE8555C}"
EndProject
Project("{2150E333-8FDC-42A3-9474-1A3956D46DE8}") = "JaggedArraySort", "JaggedArraySort", "{EDE62561-3FB9-4610-B0D0-C5568CC74D4A}"
EndProject
Project("{FAE04EC0-301F-11D3-BF4B-00C04F79EFBC}") = "CustomComparers", "CustomComparers\CustomComparers.csproj", "{03B013BC-C74F-4789-B033-5273B4CD0BE3}"
EndProject
Project("{2150E333-8FDC-42A3-9474-1A3956D46DE8}") = "Figure", "Figure", "{A169DA94-AD32-45E5-90E5-0CF005434D97}"
EndProject
Global
	GlobalSection(SolutionConfigurationPlatforms) = preSolution
		Debug|Any CPU = Debug|Any CPU
		Release|Any CPU = Release|Any CPU
	EndGlobalSection
	GlobalSection(ProjectConfigurationPlatforms) = postSolution
		{FD7835F6-2727-490B-A64A-5A6A9C84E2A4}.Debug|Any CPU.ActiveCfg = Debug|Any CPU
		{FD7835F6-2727-490B-A64A-5A6A9C84E2A4}.Debug|Any CPU.Build.0 = Debug|Any CPU
		{FD7835F6-2727-490B-A64A-5A6A9C84E2A4}.Release|Any CPU.ActiveCfg = Release|Any CPU
		{FD7835F6-2727-490B-A64A-5A6A9C84E2A4}.Release|Any CPU.Build.0 = Release|Any CPU
		{D1A2C6B4-DAB0-4DBF-86BF-A9CC0A690EAE}.Debug|Any CPU.ActiveCfg = Debug|Any CPU
		{D1A2C6B4-DAB0-4DBF-86BF-A9CC0A690EAE}.Debug|Any CPU.Build.0 = Debug|Any CPU
		{D1A2C6B4-DAB0-4DBF-86BF-A9CC0A690EAE}.Release|Any CPU.ActiveCfg = Release|Any CPU
		{D1A2C6B4-DAB0-4DBF-86BF-A9CC0A690EAE}.Release|Any CPU.Build.0 = Release|Any CPU
		{9427039E-4E4B-4C35-AD7B-EB477C888ED8}.Debug|Any CPU.ActiveCfg = Debug|Any CPU
		{9427039E-4E4B-4C35-AD7B-EB477C888ED8}.Debug|Any CPU.Build.0 = Debug|Any CPU
		{9427039E-4E4B-4C35-AD7B-EB477C888ED8}.Release|Any CPU.ActiveCfg = Release|Any CPU
		{9427039E-4E4B-4C35-AD7B-EB477C888ED8}.Release|Any CPU.Build.0 = Release|Any CPU
		{37D2EC84-3D86-4F99-A67F-6266ABE8555C}.Debug|Any CPU.ActiveCfg = Debug|Any CPU
		{37D2EC84-3D86-4F99-A67F-6266ABE8555C}.Debug|Any CPU.Build.0 = Debug|Any CPU
		{37D2EC84-3D86-4F99-A67F-6266ABE8555C}.Release|Any CPU.ActiveCfg = Release|Any CPU
		{37D2EC84-3D86-4F99-A67F-6266ABE8555C}.Release|Any CPU.Build.0 = Release|Any CPU
		{03B013BC-C74F-4789-B033-5273B4CD0BE3}.Debug|Any CPU.ActiveCfg = Debug|Any CPU
		{03B013BC-C74F-4789-B033-5273B4CD0BE3}.Debug|Any CPU.Build.0 = Debug|Any CPU
		{03B013BC-C74F-4789-B033-5273B4CD0BE3}.Release|Any CPU.ActiveCfg = Release|Any CPU
		{03B013BC-C74F-4789-B033-5273B4CD0BE3}.Release|Any CPU.Build.0 = Release|Any CPU
	EndGlobalSection
	GlobalSection(SolutionProperties) = preSolution
		HideSolutionNode = FALSE
	EndGlobalSection
	GlobalSection(NestedProjects) = preSolution
		{FD7835F6-2727-490B-A64A-5A6A9C84E2A4} = {EDE62561-3FB9-4610-B0D0-C5568CC74D4A}
		{D1A2C6B4-DAB0-4DBF-86BF-A9CC0A690EAE} = {EDE62561-3FB9-4610-B0D0-C5568CC74D4A}
		{9427039E-4E4B-4C35-AD7B-EB477C888ED8} = {A169DA94-AD32-45E5-90E5-0CF005434D97}
		{37D2EC84-3D86-4F99-A67F-6266ABE8555C} = {0195042E-0145-4055-9E4B-1CE7618AA00F}
		{03B013BC-C74F-4789-B033-5273B4CD0BE3} = {EDE62561-3FB9-4610-B0D0-C5568CC74D4A}
	EndGlobalSection
EndGlobal
