
Microsoft Visual Studio Solution File, Format Version 12.00
# Visual Studio 14
VisualStudioVersion = 14.0.24720.0
MinimumVisualStudioVersion = 10.0.40219.1
Project("{FAE04EC0-301F-11D3-BF4B-00C04F79EFBC}") = "JaggedArrayBubble", "JaggedArrayBubble\JaggedArrayBubble.csproj", "{FD7835F6-2727-490B-A64A-5A6A9C84E2A4}"
EndProject
Project("{FAE04EC0-301F-11D3-BF4B-00C04F79EFBC}") = "JaggedArrayBubble.Tests", "JaggedArrayBubble.Tests\JaggedArrayBubble.Tests.csproj", "{D1A2C6B4-DAB0-4DBF-86BF-A9CC0A690EAE}"
EndProject
Project("{2150E333-8FDC-42A3-9474-1A3956D46DE8}") = "Book", "Book", "{0195042E-0145-4055-9E4B-1CE7618AA00F}"
EndProject
Project("{FAE04EC0-301F-11D3-BF4B-00C04F79EFBC}") = "Figures", "Figures\Figures.csproj", "{9427039E-4E4B-4C35-AD7B-EB477C888ED8}"
EndProject
Project("{2150E333-8FDC-42A3-9474-1A3956D46DE8}") = "JaggedArraySort", "JaggedArraySort", "{EDE62561-3FB9-4610-B0D0-C5568CC74D4A}"
EndProject
Project("{2150E333-8FDC-42A3-9474-1A3956D46DE8}") = "Figure", "Figure", "{A169DA94-AD32-45E5-90E5-0CF005434D97}"
EndProject
Project("{FAE04EC0-301F-11D3-BF4B-00C04F79EFBC}") = "ParametersChecker", "ParametersChecker\ParametersChecker.csproj", "{46B678C4-B188-4D43-A78B-9BE7241113CC}"
EndProject
Project("{FAE04EC0-301F-11D3-BF4B-00C04F79EFBC}") = "BookStorageInterface", "BookStorageInterface\BookStorageInterface.csproj", "{66EACD2B-38ED-455E-B450-0B6C87C1456E}"
EndProject
Project("{FAE04EC0-301F-11D3-BF4B-00C04F79EFBC}") = "BookStorage", "BookStorage\BookStorage.csproj", "{959483A1-163C-42E9-9A9E-68CCECBB1A17}"
EndProject
Project("{FAE04EC0-301F-11D3-BF4B-00C04F79EFBC}") = "BookService", "BookService\BookService.csproj", "{A8127D1C-F368-463B-83A7-BBFC852C7E51}"
EndProject
Project("{FAE04EC0-301F-11D3-BF4B-00C04F79EFBC}") = "ServiceConsoleTest", "BookServiceConsoleTest\ServiceConsoleTest.csproj", "{17A87B8C-AF9B-4E8F-A724-2D42F714521D}"
EndProject
Project("{FAE04EC0-301F-11D3-BF4B-00C04F79EFBC}") = "BookLogicLayer", "BookLogicLayer\BookLogicLayer.csproj", "{9E517238-04C7-41A0-9F55-E0B9819AA3B2}"
EndProject
Global
	GlobalSection(SolutionConfigurationPlatforms) = preSolution
		Debug|Any CPU = Debug|Any CPU
		Release|Any CPU = Release|Any CPU
	EndGlobalSection
	GlobalSection(ProjectConfigurationPlatforms) = postSolution
		{FD7835F6-2727-490B-A64A-5A6A9C84E2A4}.Debug|Any CPU.ActiveCfg = Debug|Any CPU
		{FD7835F6-2727-490B-A64A-5A6A9C84E2A4}.Debug|Any CPU.Build.0 = Debug|Any CPU
		{FD7835F6-2727-490B-A64A-5A6A9C84E2A4}.Release|Any CPU.ActiveCfg = Release|Any CPU
		{FD7835F6-2727-490B-A64A-5A6A9C84E2A4}.Release|Any CPU.Build.0 = Release|Any CPU
		{D1A2C6B4-DAB0-4DBF-86BF-A9CC0A690EAE}.Debug|Any CPU.ActiveCfg = Debug|Any CPU
		{D1A2C6B4-DAB0-4DBF-86BF-A9CC0A690EAE}.Debug|Any CPU.Build.0 = Debug|Any CPU
		{D1A2C6B4-DAB0-4DBF-86BF-A9CC0A690EAE}.Release|Any CPU.ActiveCfg = Release|Any CPU
		{D1A2C6B4-DAB0-4DBF-86BF-A9CC0A690EAE}.Release|Any CPU.Build.0 = Release|Any CPU
		{9427039E-4E4B-4C35-AD7B-EB477C888ED8}.Debug|Any CPU.ActiveCfg = Debug|Any CPU
		{9427039E-4E4B-4C35-AD7B-EB477C888ED8}.Debug|Any CPU.Build.0 = Debug|Any CPU
		{9427039E-4E4B-4C35-AD7B-EB477C888ED8}.Release|Any CPU.ActiveCfg = Release|Any CPU
		{9427039E-4E4B-4C35-AD7B-EB477C888ED8}.Release|Any CPU.Build.0 = Release|Any CPU
		{46B678C4-B188-4D43-A78B-9BE7241113CC}.Debug|Any CPU.ActiveCfg = Debug|Any CPU
		{46B678C4-B188-4D43-A78B-9BE7241113CC}.Debug|Any CPU.Build.0 = Debug|Any CPU
		{46B678C4-B188-4D43-A78B-9BE7241113CC}.Release|Any CPU.ActiveCfg = Release|Any CPU
		{46B678C4-B188-4D43-A78B-9BE7241113CC}.Release|Any CPU.Build.0 = Release|Any CPU
		{66EACD2B-38ED-455E-B450-0B6C87C1456E}.Debug|Any CPU.ActiveCfg = Debug|Any CPU
		{66EACD2B-38ED-455E-B450-0B6C87C1456E}.Debug|Any CPU.Build.0 = Debug|Any CPU
		{66EACD2B-38ED-455E-B450-0B6C87C1456E}.Release|Any CPU.ActiveCfg = Release|Any CPU
		{66EACD2B-38ED-455E-B450-0B6C87C1456E}.Release|Any CPU.Build.0 = Release|Any CPU
		{959483A1-163C-42E9-9A9E-68CCECBB1A17}.Debug|Any CPU.ActiveCfg = Debug|Any CPU
		{959483A1-163C-42E9-9A9E-68CCECBB1A17}.Debug|Any CPU.Build.0 = Debug|Any CPU
		{959483A1-163C-42E9-9A9E-68CCECBB1A17}.Release|Any CPU.ActiveCfg = Release|Any CPU
		{959483A1-163C-42E9-9A9E-68CCECBB1A17}.Release|Any CPU.Build.0 = Release|Any CPU
		{A8127D1C-F368-463B-83A7-BBFC852C7E51}.Debug|Any CPU.ActiveCfg = Debug|Any CPU
		{A8127D1C-F368-463B-83A7-BBFC852C7E51}.Debug|Any CPU.Build.0 = Debug|Any CPU
		{A8127D1C-F368-463B-83A7-BBFC852C7E51}.Release|Any CPU.ActiveCfg = Release|Any CPU
		{A8127D1C-F368-463B-83A7-BBFC852C7E51}.Release|Any CPU.Build.0 = Release|Any CPU
		{17A87B8C-AF9B-4E8F-A724-2D42F714521D}.Debug|Any CPU.ActiveCfg = Debug|Any CPU
		{17A87B8C-AF9B-4E8F-A724-2D42F714521D}.Debug|Any CPU.Build.0 = Debug|Any CPU
		{17A87B8C-AF9B-4E8F-A724-2D42F714521D}.Release|Any CPU.ActiveCfg = Release|Any CPU
		{17A87B8C-AF9B-4E8F-A724-2D42F714521D}.Release|Any CPU.Build.0 = Release|Any CPU
		{9E517238-04C7-41A0-9F55-E0B9819AA3B2}.Debug|Any CPU.ActiveCfg = Debug|Any CPU
		{9E517238-04C7-41A0-9F55-E0B9819AA3B2}.Debug|Any CPU.Build.0 = Debug|Any CPU
		{9E517238-04C7-41A0-9F55-E0B9819AA3B2}.Release|Any CPU.ActiveCfg = Release|Any CPU
		{9E517238-04C7-41A0-9F55-E0B9819AA3B2}.Release|Any CPU.Build.0 = Release|Any CPU
	EndGlobalSection
	GlobalSection(SolutionProperties) = preSolution
		HideSolutionNode = FALSE
	EndGlobalSection
	GlobalSection(NestedProjects) = preSolution
		{FD7835F6-2727-490B-A64A-5A6A9C84E2A4} = {EDE62561-3FB9-4610-B0D0-C5568CC74D4A}
		{D1A2C6B4-DAB0-4DBF-86BF-A9CC0A690EAE} = {EDE62561-3FB9-4610-B0D0-C5568CC74D4A}
		{9427039E-4E4B-4C35-AD7B-EB477C888ED8} = {A169DA94-AD32-45E5-90E5-0CF005434D97}
		{46B678C4-B188-4D43-A78B-9BE7241113CC} = {0195042E-0145-4055-9E4B-1CE7618AA00F}
		{66EACD2B-38ED-455E-B450-0B6C87C1456E} = {0195042E-0145-4055-9E4B-1CE7618AA00F}
		{959483A1-163C-42E9-9A9E-68CCECBB1A17} = {0195042E-0145-4055-9E4B-1CE7618AA00F}
		{A8127D1C-F368-463B-83A7-BBFC852C7E51} = {0195042E-0145-4055-9E4B-1CE7618AA00F}
		{17A87B8C-AF9B-4E8F-A724-2D42F714521D} = {0195042E-0145-4055-9E4B-1CE7618AA00F}
		{9E517238-04C7-41A0-9F55-E0B9819AA3B2} = {0195042E-0145-4055-9E4B-1CE7618AA00F}
	EndGlobalSection
EndGlobal
